PODS:
  - Alamofire (5.0.2)
  - CryptoSwift (1.3.0)
  - FoxOnePaySDK (3.2.0):
    - Alamofire
    - CryptoSwift
    - SwiftyJSON
    - SwiftyRSA
  - SwiftyJSON (5.0.0)
  - SwiftyRSA (1.5.0):
    - SwiftyRSA/ObjC (= 1.5.0)
  - SwiftyRSA/ObjC (1.5.0)

DEPENDENCIES:
  - Alamofire
  - CryptoSwift
  - FoxOnePaySDK (from `./`)
  - SwiftyJSON
  - SwiftyRSA

SPEC REPOS:
  trunk:
    - Alamofire
    - CryptoSwift
    - SwiftyJSON
    - SwiftyRSA

EXTERNAL SOURCES:
  FoxOnePaySDK:
    :path: "./"

SPEC CHECKSUMS:
  Alamofire: 3ba7a4db18b4f62c4a1c0e1cb39d7f3d52e10ada
  CryptoSwift: 1283821600233bdbeb96d7b389c3288c3bf77211
  FoxOnePaySDK: d5edb850b9de5440aefa8f50020282c5f8fbb3e4
  SwiftyJSON: 36413e04c44ee145039d332b4f4e2d3e8d6c4db7
  SwiftyRSA: 6e528fb1b1a87d5111c48081083b141d6d65f1cf

PODFILE CHECKSUM: 7b0ec0adf7d0da524701f1ece83f9a431aece5f2

COCOAPODS: 1.8.4
