PODS:
  - Alamofire (5.0.0-rc.3)
  - CryptoSwift (1.2.0)
  - FoxOnePaySDK (3.2.0):
    - Alamofire
    - CryptoSwift
    - SwiftyJSON
    - SwiftyRSA
  - SwiftyJSON (5.0.0)
  - SwiftyRSA (1.5.0):
    - SwiftyRSA/ObjC (= 1.5.0)
  - SwiftyRSA/ObjC (1.5.0)

DEPENDENCIES:
  - Alamofire (= 5.0.0-rc.3)
  - CryptoSwift
  - FoxOnePaySDK (from `./`)
  - SwiftyJSON
  - SwiftyRSA

SPEC REPOS:
  trunk:
    - Alamofire
    - CryptoSwift
    - SwiftyJSON
    - SwiftyRSA

EXTERNAL SOURCES:
  FoxOnePaySDK:
    :path: "./"

SPEC CHECKSUMS:
  Alamofire: ca8c0de6906873be89d6deec5c8de279e00bf872
  CryptoSwift: 40e374e45291d8dceedcb0d6184da94533eaabdf
  FoxOnePaySDK: d5edb850b9de5440aefa8f50020282c5f8fbb3e4
  SwiftyJSON: 36413e04c44ee145039d332b4f4e2d3e8d6c4db7
  SwiftyRSA: 6e528fb1b1a87d5111c48081083b141d6d65f1cf

PODFILE CHECKSUM: d281905f08e92fb22998b0af9b2f9e6c08bd1ba4

COCOAPODS: 1.8.4
